# Generated by ReqSnap
# Date: 2026-03-27T11:23:19.241736
# Python: 3.12.12
# Source: requirements.txt

fastapi==0.104.1
h5py==3.15.1
joblib==1.5.2
matplotlib==3.10.8
numpy==2.2.6
opencv-python==4.12.0.88
pandas==2.3.3
scikit-image==0.26.0
scipy==1.16.3
seaborn==0.13.2
tensorflow==2.20.0
tensorflow-datasets==4.9.8
tqdm==4.67.1
uvicorn==0.24.0
